{
  "name": "book-app",
  "version": "0.1.0",
  "lockfileVersion": 1,
  "dependencies": {
    "vue-star-rating": {
      "version": "1.6.1",
      "resolved": "https://registry.npmjs.org/vue-star-rating/-/vue-star-rating-1.6.1.tgz",
      "integrity": "sha512-JSmVx16rcxyw4Ma6YQ5DnIExyjF4IFf/ypxh3zfmtFZzE/hjswDT0fLn1vF4ERxDbAp0nHA3u51BYFbA8gyYyQ=="
    }
  }
}
